
Microsoft Visual Studio Solution File, Format Version 12.00
# Visual Studio 15
VisualStudioVersion = 15.0.28307.645
MinimumVisualStudioVersion = 10.0.40219.1
Project("{FAE04EC0-301F-11D3-BF4B-00C04F79EFBC}") = "SDETScriptingTest", "SDETScriptingTest\SDETScriptingTest.csproj", "{18F9F9A9-A6C1-4829-A594-9E5E3C0F9C78}"
EndProject
Global
	GlobalSection(SolutionConfigurationPlatforms) = preSolution
		Debug|Any CPU = Debug|Any CPU
		Release|Any CPU = Release|Any CPU
	EndGlobalSection
	GlobalSection(ProjectConfigurationPlatforms) = postSolution
		{18F9F9A9-A6C1-4829-A594-9E5E3C0F9C78}.Debug|Any CPU.ActiveCfg = Debug|Any CPU
		{18F9F9A9-A6C1-4829-A594-9E5E3C0F9C78}.Debug|Any CPU.Build.0 = Debug|Any CPU
		{18F9F9A9-A6C1-4829-A594-9E5E3C0F9C78}.Release|Any CPU.ActiveCfg = Release|Any CPU
		{18F9F9A9-A6C1-4829-A594-9E5E3C0F9C78}.Release|Any CPU.Build.0 = Release|Any CPU
	EndGlobalSection
	GlobalSection(SolutionProperties) = preSolution
		HideSolutionNode = FALSE
	EndGlobalSection
	GlobalSection(ExtensibilityGlobals) = postSolution
		SolutionGuid = {B1FBA50D-907E-4913-9C23-5FFFA59CDF52}
	EndGlobalSection
EndGlobal
